
Microsoft Visual Studio Solution File, Format Version 12.00
# Visual Studio 14
VisualStudioVersion = 14.0.25420.1
MinimumVisualStudioVersion = 10.0.40219.1
Project("{FAE04EC0-301F-11D3-BF4B-00C04F79EFBC}") = "Samples", "Samples\Samples.csproj", "{81B4D554-BEE6-4897-95A9-F1CB38631F7A}"
EndProject
Project("{2150E333-8FDC-42A3-9474-1A3956D46DE8}") = "Solution Items", "Solution Items", "{7CD39866-DD48-4ECF-AB95-FB2266F9463E}"
	ProjectSection(SolutionItems) = preProject
		.gitignore = .gitignore
		CONTRIBUTING.md = CONTRIBUTING.md
		LICENSE.md = LICENSE.md
		Readme.md = Readme.md
	EndProjectSection
EndProject
Global
	GlobalSection(SolutionConfigurationPlatforms) = preSolution
		Debug|Any CPU = Debug|Any CPU
		Release|Any CPU = Release|Any CPU
	EndGlobalSection
	GlobalSection(ProjectConfigurationPlatforms) = postSolution
		{81B4D554-BEE6-4897-95A9-F1CB38631F7A}.Debug|Any CPU.ActiveCfg = Debug|Any CPU
		{81B4D554-BEE6-4897-95A9-F1CB38631F7A}.Debug|Any CPU.Build.0 = Debug|Any CPU
		{81B4D554-BEE6-4897-95A9-F1CB38631F7A}.Release|Any CPU.ActiveCfg = Release|Any CPU
		{81B4D554-BEE6-4897-95A9-F1CB38631F7A}.Release|Any CPU.Build.0 = Release|Any CPU
	EndGlobalSection
	GlobalSection(SolutionProperties) = preSolution
		HideSolutionNode = FALSE
	EndGlobalSection
EndGlobal
